// !$*UTF8*$!
{
	archiveVersion = 1;
	classes = {
	};
	objectVersion = 52;
	objects = {

/* Begin PBXBuildFile section */
		EF3330FE25AD9B9D0035F374 /* String_ext.swift in Sources */ = {isa = PBXBuildFile; fileRef = EF3330FD25AD9B9D0035F374 /* String_ext.swift */; };
		EFAEAE762591F5F5009C2CAB /* AppDelegate.swift in Sources */ = {isa = PBXBuildFile; fileRef = EFAEAE752591F5F5009C2CAB /* AppDelegate.swift */; };
		EFAEAE782591F5F5009C2CAB /* SceneDelegate.swift in Sources */ = {isa = PBXBuildFile; fileRef = EFAEAE772591F5F5009C2CAB /* SceneDelegate.swift */; };
		EFAEAE7A2591F5F5009C2CAB /* PinViewController.swift in Sources */ = {isa = PBXBuildFile; fileRef = EFAEAE792591F5F5009C2CAB /* PinViewController.swift */; };
		EFAEAE7D2591F5F5009C2CAB /* Main.storyboard in Resources */ = {isa = PBXBuildFile; fileRef = EFAEAE7B2591F5F5009C2CAB /* Main.storyboard */; };
		EFAEAE7F2591F5F6009C2CAB /* Assets.xcassets in Resources */ = {isa = PBXBuildFile; fileRef = EFAEAE7E2591F5F6009C2CAB /* Assets.xcassets */; };
		EFAEAE822591F5F6009C2CAB /* LaunchScreen.storyboard in Resources */ = {isa = PBXBuildFile; fileRef = EFAEAE802591F5F6009C2CAB /* LaunchScreen.storyboard */; };
		EFAEAE8C25923618009C2CAB /* ReactorKit in Frameworks */ = {isa = PBXBuildFile; productRef = EFAEAE8B25923618009C2CAB /* ReactorKit */; };
		EFAEAE9025923641009C2CAB /* RxCocoa in Frameworks */ = {isa = PBXBuildFile; productRef = EFAEAE8F25923641009C2CAB /* RxCocoa */; };
		EFAEAE9225923641009C2CAB /* RxSwift in Frameworks */ = {isa = PBXBuildFile; productRef = EFAEAE9125923641009C2CAB /* RxSwift */; };
		EFAEAE9F25925A91009C2CAB /* PinReactor.swift in Sources */ = {isa = PBXBuildFile; fileRef = EFAEAE9E25925A91009C2CAB /* PinReactor.swift */; };
		EFC193B625A79512001748BC /* AppCoordinator.swift in Sources */ = {isa = PBXBuildFile; fileRef = EFC193B525A79512001748BC /* AppCoordinator.swift */; };
		EFC193BA25A79543001748BC /* BaseCoordinator.swift in Sources */ = {isa = PBXBuildFile; fileRef = EFC193B925A79543001748BC /* BaseCoordinator.swift */; };
		EFC193BD25A7956C001748BC /* PinCoordinator.swift in Sources */ = {isa = PBXBuildFile; fileRef = EFC193BC25A7956C001748BC /* PinCoordinator.swift */; };
/* End PBXBuildFile section */

/* Begin PBXFileReference section */
		EF3330FD25AD9B9D0035F374 /* String_ext.swift */ = {isa = PBXFileReference; lastKnownFileType = sourcecode.swift; path = String_ext.swift; sourceTree = "<group>"; };
		EFAEAE722591F5F5009C2CAB /* test.app */ = {isa = PBXFileReference; explicitFileType = wrapper.application; includeInIndex = 0; path = test.app; sourceTree = BUILT_PRODUCTS_DIR; };
		EFAEAE752591F5F5009C2CAB /* AppDelegate.swift */ = {isa = PBXFileReference; lastKnownFileType = sourcecode.swift; path = AppDelegate.swift; sourceTree = "<group>"; };
		EFAEAE772591F5F5009C2CAB /* SceneDelegate.swift */ = {isa = PBXFileReference; lastKnownFileType = sourcecode.swift; path = SceneDelegate.swift; sourceTree = "<group>"; };
		EFAEAE792591F5F5009C2CAB /* PinViewController.swift */ = {isa = PBXFileReference; lastKnownFileType = sourcecode.swift; path = PinViewController.swift; sourceTree = "<group>"; };
		EFAEAE7C2591F5F5009C2CAB /* Base */ = {isa = PBXFileReference; lastKnownFileType = file.storyboard; name = Base; path = Base.lproj/Main.storyboard; sourceTree = "<group>"; };
		EFAEAE7E2591F5F6009C2CAB /* Assets.xcassets */ = {isa = PBXFileReference; lastKnownFileType = folder.assetcatalog; path = Assets.xcassets; sourceTree = "<group>"; };
		EFAEAE812591F5F6009C2CAB /* Base */ = {isa = PBXFileReference; lastKnownFileType = file.storyboard; name = Base; path = Base.lproj/LaunchScreen.storyboard; sourceTree = "<group>"; };
		EFAEAE832591F5F6009C2CAB /* Info.plist */ = {isa = PBXFileReference; lastKnownFileType = text.plist.xml; path = Info.plist; sourceTree = "<group>"; };
		EFAEAE9E25925A91009C2CAB /* PinReactor.swift */ = {isa = PBXFileReference; lastKnownFileType = sourcecode.swift; path = PinReactor.swift; sourceTree = "<group>"; };
		EFC193B525A79512001748BC /* AppCoordinator.swift */ = {isa = PBXFileReference; lastKnownFileType = sourcecode.swift; path = AppCoordinator.swift; sourceTree = "<group>"; };
		EFC193B925A79543001748BC /* BaseCoordinator.swift */ = {isa = PBXFileReference; lastKnownFileType = sourcecode.swift; path = BaseCoordinator.swift; sourceTree = "<group>"; };
		EFC193BC25A7956C001748BC /* PinCoordinator.swift */ = {isa = PBXFileReference; lastKnownFileType = sourcecode.swift; path = PinCoordinator.swift; sourceTree = "<group>"; };
/* End PBXFileReference section */

/* Begin PBXFrameworksBuildPhase section */
		EFAEAE6F2591F5F5009C2CAB /* Frameworks */ = {
			isa = PBXFrameworksBuildPhase;
			buildActionMask = 2147483647;
			files = (
				EFAEAE9225923641009C2CAB /* RxSwift in Frameworks */,
				EFAEAE9025923641009C2CAB /* RxCocoa in Frameworks */,
				EFAEAE8C25923618009C2CAB /* ReactorKit in Frameworks */,
			);
			runOnlyForDeploymentPostprocessing = 0;
		};
/* End PBXFrameworksBuildPhase section */

/* Begin PBXGroup section */
		EFAEAE692591F5F5009C2CAB = {
			isa = PBXGroup;
			children = (
				EFAEAE742591F5F5009C2CAB /* test */,
				EFAEAE732591F5F5009C2CAB /* Products */,
			);
			sourceTree = "<group>";
		};
		EFAEAE732591F5F5009C2CAB /* Products */ = {
			isa = PBXGroup;
			children = (
				EFAEAE722591F5F5009C2CAB /* test.app */,
			);
			name = Products;
			sourceTree = "<group>";
		};
		EFAEAE742591F5F5009C2CAB /* test */ = {
			isa = PBXGroup;
			children = (
				EFAEAE752591F5F5009C2CAB /* AppDelegate.swift */,
				EFAEAE772591F5F5009C2CAB /* SceneDelegate.swift */,
				EFAEAE942592486E009C2CAB /* Pin */,
				EFAEAE7B2591F5F5009C2CAB /* Main.storyboard */,
				EFAEAE7E2591F5F6009C2CAB /* Assets.xcassets */,
				EFAEAE802591F5F6009C2CAB /* LaunchScreen.storyboard */,
				EFAEAE832591F5F6009C2CAB /* Info.plist */,
				EFC193B525A79512001748BC /* AppCoordinator.swift */,
				EFC193B925A79543001748BC /* BaseCoordinator.swift */,
				EF3330FD25AD9B9D0035F374 /* String_ext.swift */,
			);
			path = test;
			sourceTree = "<group>";
		};
		EFAEAE942592486E009C2CAB /* Pin */ = {
			isa = PBXGroup;
			children = (
				EFC193B425A79426001748BC /* Coordinator */,
				EFAEAE9D25925A7C009C2CAB /* Reactor */,
				EFAEAE9A259256A2009C2CAB /* View */,
			);
			path = Pin;
			sourceTree = "<group>";
		};
		EFAEAE9A259256A2009C2CAB /* View */ = {
			isa = PBXGroup;
			children = (
				EFAEAE792591F5F5009C2CAB /* PinViewController.swift */,
			);
			path = View;
			sourceTree = "<group>";
		};
		EFAEAE9D25925A7C009C2CAB /* Reactor */ = {
			isa = PBXGroup;
			children = (
				EFAEAE9E25925A91009C2CAB /* PinReactor.swift */,
			);
			path = Reactor;
			sourceTree = "<group>";
		};
		EFC193B425A79426001748BC /* Coordinator */ = {
			isa = PBXGroup;
			children = (
				EFC193BC25A7956C001748BC /* PinCoordinator.swift */,
			);
			path = Coordinator;
			sourceTree = "<group>";
		};
/* End PBXGroup section */

/* Begin PBXNativeTarget section */
		EFAEAE712591F5F5009C2CAB /* test */ = {
			isa = PBXNativeTarget;
			buildConfigurationList = EFAEAE862591F5F6009C2CAB /* Build configuration list for PBXNativeTarget "test" */;
			buildPhases = (
				EFAEAE6E2591F5F5009C2CAB /* Sources */,
				EFAEAE6F2591F5F5009C2CAB /* Frameworks */,
				EFAEAE702591F5F5009C2CAB /* Resources */,
			);
			buildRules = (
			);
			dependencies = (
			);
			name = test;
			packageProductDependencies = (
				EFAEAE8B25923618009C2CAB /* ReactorKit */,
				EFAEAE8F25923641009C2CAB /* RxCocoa */,
				EFAEAE9125923641009C2CAB /* RxSwift */,
			);
			productName = test;
			productReference = EFAEAE722591F5F5009C2CAB /* test.app */;
			productType = "com.apple.product-type.application";
		};
/* End PBXNativeTarget section */

/* Begin PBXProject section */
		EFAEAE6A2591F5F5009C2CAB /* Project object */ = {
			isa = PBXProject;
			attributes = {
				LastSwiftUpdateCheck = 1230;
				LastUpgradeCheck = 1230;
				TargetAttributes = {
					EFAEAE712591F5F5009C2CAB = {
						CreatedOnToolsVersion = 12.3;
					};
				};
			};
			buildConfigurationList = EFAEAE6D2591F5F5009C2CAB /* Build configuration list for PBXProject "test" */;
			compatibilityVersion = "Xcode 9.3";
			developmentRegion = en;
			hasScannedForEncodings = 0;
			knownRegions = (
				en,
				Base,
			);
			mainGroup = EFAEAE692591F5F5009C2CAB;
			packageReferences = (
				EFAEAE8A25923618009C2CAB /* XCRemoteSwiftPackageReference "ReactorKit" */,
				EFAEAE8E25923641009C2CAB /* XCRemoteSwiftPackageReference "RxSwift" */,
			);
			productRefGroup = EFAEAE732591F5F5009C2CAB /* Products */;
			projectDirPath = "";
			projectRoot = "";
			targets = (
				EFAEAE712591F5F5009C2CAB /* test */,
			);
		};
/* End PBXProject section */

/* Begin PBXResourcesBuildPhase section */
		EFAEAE702591F5F5009C2CAB /* Resources */ = {
			isa = PBXResourcesBuildPhase;
			buildActionMask = 2147483647;
			files = (
				EFAEAE822591F5F6009C2CAB /* LaunchScreen.storyboard in Resources */,
				EFAEAE7F2591F5F6009C2CAB /* Assets.xcassets in Resources */,
				EFAEAE7D2591F5F5009C2CAB /* Main.storyboard in Resources */,
			);
			runOnlyForDeploymentPostprocessing = 0;
		};
/* End PBXResourcesBuildPhase section */

/* Begin PBXSourcesBuildPhase section */
		EFAEAE6E2591F5F5009C2CAB /* Sources */ = {
			isa = PBXSourcesBuildPhase;
			buildActionMask = 2147483647;
			files = (
				EFAEAE9F25925A91009C2CAB /* PinReactor.swift in Sources */,
				EFC193BA25A79543001748BC /* BaseCoordinator.swift in Sources */,
				EF3330FE25AD9B9D0035F374 /* String_ext.swift in Sources */,
				EFAEAE7A2591F5F5009C2CAB /* PinViewController.swift in Sources */,
				EFC193BD25A7956C001748BC /* PinCoordinator.swift in Sources */,
				EFC193B625A79512001748BC /* AppCoordinator.swift in Sources */,
				EFAEAE762591F5F5009C2CAB /* AppDelegate.swift in Sources */,
				EFAEAE782591F5F5009C2CAB /* SceneDelegate.swift in Sources */,
			);
			runOnlyForDeploymentPostprocessing = 0;
		};
/* End PBXSourcesBuildPhase section */

/* Begin PBXVariantGroup section */
		EFAEAE7B2591F5F5009C2CAB /* Main.storyboard */ = {
			isa = PBXVariantGroup;
			children = (
				EFAEAE7C2591F5F5009C2CAB /* Base */,
			);
			name = Main.storyboard;
			sourceTree = "<group>";
		};
		EFAEAE802591F5F6009C2CAB /* LaunchScreen.storyboard */ = {
			isa = PBXVariantGroup;
			children = (
				EFAEAE812591F5F6009C2CAB /* Base */,
			);
			name = LaunchScreen.storyboard;
			sourceTree = "<group>";
		};
/* End PBXVariantGroup section */

/* Begin XCBuildConfiguration section */
		EFAEAE842591F5F6009C2CAB /* Debug */ = {
			isa = XCBuildConfiguration;
			buildSettings = {
				ALWAYS_SEARCH_USER_PATHS = NO;
				CLANG_ANALYZER_NONNULL = YES;
				CLANG_ANALYZER_NUMBER_OBJECT_CONVERSION = YES_AGGRESSIVE;
				CLANG_CXX_LANGUAGE_STANDARD = "gnu++14";
				CLANG_CXX_LIBRARY = "libc++";
				CLANG_ENABLE_MODULES = YES;
				CLANG_ENABLE_OBJC_ARC = YES;
				CLANG_ENABLE_OBJC_WEAK = YES;
				CLANG_WARN_BLOCK_CAPTURE_AUTORELEASING = YES;
				CLANG_WARN_BOOL_CONVERSION = YES;
				CLANG_WARN_COMMA = YES;
				CLANG_WARN_CONSTANT_CONVERSION = YES;
				CLANG_WARN_DEPRECATED_OBJC_IMPLEMENTATIONS = YES;
				CLANG_WARN_DIRECT_OBJC_ISA_USAGE = YES_ERROR;
				CLANG_WARN_DOCUMENTATION_COMMENTS = YES;
				CLANG_WARN_EMPTY_BODY = YES;
				CLANG_WARN_ENUM_CONVERSION = YES;
				CLANG_WARN_INFINITE_RECURSION = YES;
				CLANG_WARN_INT_CONVERSION = YES;
				CLANG_WARN_NON_LITERAL_NULL_CONVERSION = YES;
				CLANG_WARN_OBJC_IMPLICIT_RETAIN_SELF = YES;
				CLANG_WARN_OBJC_LITERAL_CONVERSION = YES;
				CLANG_WARN_OBJC_ROOT_CLASS = YES_ERROR;
				CLANG_WARN_QUOTED_INCLUDE_IN_FRAMEWORK_HEADER = YES;
				CLANG_WARN_RANGE_LOOP_ANALYSIS = YES;
				CLANG_WARN_STRICT_PROTOTYPES = YES;
				CLANG_WARN_SUSPICIOUS_MOVE = YES;
				CLANG_WARN_UNGUARDED_AVAILABILITY = YES_AGGRESSIVE;
				CLANG_WARN_UNREACHABLE_CODE = YES;
				CLANG_WARN__DUPLICATE_METHOD_MATCH = YES;
				COPY_PHASE_STRIP = NO;
				DEBUG_INFORMATION_FORMAT = dwarf;
				ENABLE_STRICT_OBJC_MSGSEND = YES;
				ENABLE_TESTABILITY = YES;
				GCC_C_LANGUAGE_STANDARD = gnu11;
				GCC_DYNAMIC_NO_PIC = NO;
				GCC_NO_COMMON_BLOCKS = YES;
				GCC_OPTIMIZATION_LEVEL = 0;
				GCC_PREPROCESSOR_DEFINITIONS = (
					"DEBUG=1",
					"$(inherited)",
				);
				GCC_WARN_64_TO_32_BIT_CONVERSION = YES;
				GCC_WARN_ABOUT_RETURN_TYPE = YES_ERROR;
				GCC_WARN_UNDECLARED_SELECTOR = YES;
				GCC_WARN_UNINITIALIZED_AUTOS = YES_AGGRESSIVE;
				GCC_WARN_UNUSED_FUNCTION = YES;
				GCC_WARN_UNUSED_VARIABLE = YES;
				IPHONEOS_DEPLOYMENT_TARGET = 14.3;
				MTL_ENABLE_DEBUG_INFO = INCLUDE_SOURCE;
				MTL_FAST_MATH = YES;
				ONLY_ACTIVE_ARCH = YES;
				SDKROOT = iphoneos;
				SWIFT_ACTIVE_COMPILATION_CONDITIONS = DEBUG;
				SWIFT_OPTIMIZATION_LEVEL = "-Onone";
			};
			name = Debug;
		};
		EFAEAE852591F5F6009C2CAB /* Release */ = {
			isa = XCBuildConfiguration;
			buildSettings = {
				ALWAYS_SEARCH_USER_PATHS = NO;
				CLANG_ANALYZER_NONNULL = YES;
				CLANG_ANALYZER_NUMBER_OBJECT_CONVERSION = YES_AGGRESSIVE;
				CLANG_CXX_LANGUAGE_STANDARD = "gnu++14";
				CLANG_CXX_LIBRARY = "libc++";
				CLANG_ENABLE_MODULES = YES;
				CLANG_ENABLE_OBJC_ARC = YES;
				CLANG_ENABLE_OBJC_WEAK = YES;
				CLANG_WARN_BLOCK_CAPTURE_AUTORELEASING = YES;
				CLANG_WARN_BOOL_CONVERSION = YES;
				CLANG_WARN_COMMA = YES;
				CLANG_WARN_CONSTANT_CONVERSION = YES;
				CLANG_WARN_DEPRECATED_OBJC_IMPLEMENTATIONS = YES;
				CLANG_WARN_DIRECT_OBJC_ISA_USAGE = YES_ERROR;
				CLANG_WARN_DOCUMENTATION_COMMENTS = YES;
				CLANG_WARN_EMPTY_BODY = YES;
				CLANG_WARN_ENUM_CONVERSION = YES;
				CLANG_WARN_INFINITE_RECURSION = YES;
				CLANG_WARN_INT_CONVERSION = YES;
				CLANG_WARN_NON_LITERAL_NULL_CONVERSION = YES;
				CLANG_WARN_OBJC_IMPLICIT_RETAIN_SELF = YES;
				CLANG_WARN_OBJC_LITERAL_CONVERSION = YES;
				CLANG_WARN_OBJC_ROOT_CLASS = YES_ERROR;
				CLANG_WARN_QUOTED_INCLUDE_IN_FRAMEWORK_HEADER = YES;
				CLANG_WARN_RANGE_LOOP_ANALYSIS = YES;
				CLANG_WARN_STRICT_PROTOTYPES = YES;
				CLANG_WARN_SUSPICIOUS_MOVE = YES;
				CLANG_WARN_UNGUARDED_AVAILABILITY = YES_AGGRESSIVE;
				CLANG_WARN_UNREACHABLE_CODE = YES;
				CLANG_WARN__DUPLICATE_METHOD_MATCH = YES;
				COPY_PHASE_STRIP = NO;
				DEBUG_INFORMATION_FORMAT = "dwarf-with-dsym";
				ENABLE_NS_ASSERTIONS = NO;
				ENABLE_STRICT_OBJC_MSGSEND = YES;
				GCC_C_LANGUAGE_STANDARD = gnu11;
				GCC_NO_COMMON_BLOCKS = YES;
				GCC_WARN_64_TO_32_BIT_CONVERSION = YES;
				GCC_WARN_ABOUT_RETURN_TYPE = YES_ERROR;
				GCC_WARN_UNDECLARED_SELECTOR = YES;
				GCC_WARN_UNINITIALIZED_AUTOS = YES_AGGRESSIVE;
				GCC_WARN_UNUSED_FUNCTION = YES;
				GCC_WARN_UNUSED_VARIABLE = YES;
				IPHONEOS_DEPLOYMENT_TARGET = 14.3;
				MTL_ENABLE_DEBUG_INFO = NO;
				MTL_FAST_MATH = YES;
				SDKROOT = iphoneos;
				SWIFT_COMPILATION_MODE = wholemodule;
				SWIFT_OPTIMIZATION_LEVEL = "-O";
				VALIDATE_PRODUCT = YES;
			};
			name = Release;
		};
		EFAEAE872591F5F6009C2CAB /* Debug */ = {
			isa = XCBuildConfiguration;
			buildSettings = {
				ASSETCATALOG_COMPILER_APPICON_NAME = AppIcon;
				ASSETCATALOG_COMPILER_GLOBAL_ACCENT_COLOR_NAME = AccentColor;
				CODE_SIGN_STYLE = Automatic;
				INFOPLIST_FILE = test/Info.plist;
				LD_RUNPATH_SEARCH_PATHS = (
					"$(inherited)",
					"@executable_path/Frameworks",
				);
				PRODUCT_BUNDLE_IDENTIFIER = "-weak-self-.test";
				PRODUCT_NAME = "$(TARGET_NAME)";
				SWIFT_VERSION = 5.0;
				TARGETED_DEVICE_FAMILY = "1,2";
			};
			name = Debug;
		};
		EFAEAE882591F5F6009C2CAB /* Release */ = {
			isa = XCBuildConfiguration;
			buildSettings = {
				ASSETCATALOG_COMPILER_APPICON_NAME = AppIcon;
				ASSETCATALOG_COMPILER_GLOBAL_ACCENT_COLOR_NAME = AccentColor;
				CODE_SIGN_STYLE = Automatic;
				INFOPLIST_FILE = test/Info.plist;
				LD_RUNPATH_SEARCH_PATHS = (
					"$(inherited)",
					"@executable_path/Frameworks",
				);
				PRODUCT_BUNDLE_IDENTIFIER = "-weak-self-.test";
				PRODUCT_NAME = "$(TARGET_NAME)";
				SWIFT_VERSION = 5.0;
				TARGETED_DEVICE_FAMILY = "1,2";
			};
			name = Release;
		};
/* End XCBuildConfiguration section */

/* Begin XCConfigurationList section */
		EFAEAE6D2591F5F5009C2CAB /* Build configuration list for PBXProject "test" */ = {
			isa = XCConfigurationList;
			buildConfigurations = (
				EFAEAE842591F5F6009C2CAB /* Debug */,
				EFAEAE852591F5F6009C2CAB /* Release */,
			);
			defaultConfigurationIsVisible = 0;
			defaultConfigurationName = Release;
		};
		EFAEAE862591F5F6009C2CAB /* Build configuration list for PBXNativeTarget "test" */ = {
			isa = XCConfigurationList;
			buildConfigurations = (
				EFAEAE872591F5F6009C2CAB /* Debug */,
				EFAEAE882591F5F6009C2CAB /* Release */,
			);
			defaultConfigurationIsVisible = 0;
			defaultConfigurationName = Release;
		};
/* End XCConfigurationList section */

/* Begin XCRemoteSwiftPackageReference section */
		EFAEAE8A25923618009C2CAB /* XCRemoteSwiftPackageReference "ReactorKit" */ = {
			isa = XCRemoteSwiftPackageReference;
			repositoryURL = "https://github.com/ReactorKit/ReactorKit.git";
			requirement = {
				kind = upToNextMajorVersion;
				minimumVersion = 2.1.1;
			};
		};
		EFAEAE8E25923641009C2CAB /* XCRemoteSwiftPackageReference "RxSwift" */ = {
			isa = XCRemoteSwiftPackageReference;
			repositoryURL = "https://github.com/ReactiveX/RxSwift.git";
			requirement = {
				kind = upToNextMajorVersion;
				minimumVersion = 5.1.1;
			};
		};
/* End XCRemoteSwiftPackageReference section */

/* Begin XCSwiftPackageProductDependency section */
		EFAEAE8B25923618009C2CAB /* ReactorKit */ = {
			isa = XCSwiftPackageProductDependency;
			package = EFAEAE8A25923618009C2CAB /* XCRemoteSwiftPackageReference "ReactorKit" */;
			productName = ReactorKit;
		};
		EFAEAE8F25923641009C2CAB /* RxCocoa */ = {
			isa = XCSwiftPackageProductDependency;
			package = EFAEAE8E25923641009C2CAB /* XCRemoteSwiftPackageReference "RxSwift" */;
			productName = RxCocoa;
		};
		EFAEAE9125923641009C2CAB /* RxSwift */ = {
			isa = XCSwiftPackageProductDependency;
			package = EFAEAE8E25923641009C2CAB /* XCRemoteSwiftPackageReference "RxSwift" */;
			productName = RxSwift;
		};
/* End XCSwiftPackageProductDependency section */
	};
	rootObject = EFAEAE6A2591F5F5009C2CAB /* Project object */;
}
